lockfileVersion: '9.0'

settings:
  autoInstallPeers: true
  excludeLinksFromLockfile: false

importers:

  .:
    dependencies:
      '@hocuspocus/server':
        specifier: ^2.13.7
        version: 2.13.7(y-protocols@1.0.6(yjs@13.6.20))(yjs@13.6.20)
      bun:
        specifier: ^1.1.32
        version: 1.1.32
      typescript:
        specifier: 5.4.4
        version: 5.4.4
      y-protocols:
        specifier: ^1.0.6
        version: 1.0.6(yjs@13.6.20)
      yjs:
        specifier: ^13.6.20
        version: 13.6.20

packages:

  '@hocuspocus/common@2.13.7':
    resolution: {integrity: sha512-ROqYfW15XlAGd+qb/FVyp0zUC9Rosv7kdcck9LRMdfW3jT66wK9pDDWL2ily4Qj/zhbLCFtjAUPB4UKln/GYNQ==}

  '@hocuspocus/server@2.13.7':
    resolution: {integrity: sha512-D9juGX9NZoKT9/Ty/HGhaimHJe71DyKbYssC831oetYF33x3WSYV6GY82RhHo9xjKZE6r0Le7jgxgQb+u08slw==}
    peerDependencies:
      y-protocols: ^1.0.6
      yjs: ^13.6.8

  '@oven/bun-darwin-aarch64@1.1.32':
    resolution: {integrity: sha512-/5lu8RJB/iEoC9pzFOCZLCEmNsEI3DEEyxfItZpih/piNOFhCYmoMvm7mM0YXqSc7pfxYaKukEZEHGeIOiu/3Q==}
    cpu: [arm64]
    os: [darwin]

  '@oven/bun-darwin-x64-baseline@1.1.32':
    resolution: {integrity: sha512-XRP+APoLxrXznL7BEHipAdDu0Mn1RwD9PsaqFu1Be5Dbyi+2bYICuTiN1W9vfZNN3kK8eTyniT7kjwLSTcHbEg==}
    cpu: [x64]
    os: [darwin]

  '@oven/bun-darwin-x64@1.1.32':
    resolution: {integrity: sha512-Slk4QFHcqZ94mnNlzsCG/9m+gET0mpi13bfizRGv8QNRku8mQTs9brN5XvovYrP5t0rfaZDFMOoaOs6wk6rcDg==}
    cpu: [x64]
    os: [darwin]

  '@oven/bun-linux-aarch64@1.1.32':
    resolution: {integrity: sha512-7QdyRCiLHb1MuwDH7iir5xD6gTKWlvMGxvcQhbY/U1djqG/gft4+PaJrSJQcVhqRb143mrMNXIhTgc84O6htMw==}
    cpu: [arm64]
    os: [linux]

  '@oven/bun-linux-x64-baseline@1.1.32':
    resolution: {integrity: sha512-zvXOAUTc6cOlUR26NEwh3isV+z2EW4QxFiWoxgvM7eIuZMnZjV22+H+dEzVKJzV58XgfPX//fEPi3Xjg4xXdMA==}
    cpu: [x64]
    os: [linux]

  '@oven/bun-linux-x64@1.1.32':
    resolution: {integrity: sha512-JgsQ1ZXKmovQNzf4YdA3WDZVrtEbMlbL43Yjcczovy6lDrhSZkTu1GjzMm5JQnuqNwBC4/eSIgVL27J1Pj6nlA==}
    cpu: [x64]
    os: [linux]

  '@oven/bun-windows-x64-baseline@1.1.32':
    resolution: {integrity: sha512-0DgP99AcBfKz3OCS5qO2/8e5TgNhBq8ZiNbPJzQaF4QOpS/Rt+mvFcQUa8x5gTOUPHH9ciaMz0IEs2Qv42eoAw==}
    cpu: [x64]
    os: [win32]

  '@oven/bun-windows-x64@1.1.32':
    resolution: {integrity: sha512-grzRSH/9YIKWUHumygtG9Aen04wJv+v6lbmTvqsfcc/1/BJJFCLf+69EN3PINAIisih1hycxGa9eleVxjL0fqg==}
    cpu: [x64]
    os: [win32]

  async-lock@1.4.1:
    resolution: {integrity: sha512-Az2ZTpuytrtqENulXwO3GGv1Bztugx6TT37NIo7imr/Qo0gsYiGtSdBa2B6fsXhTpVZDNfu1Qn3pk531e3q+nQ==}

  bun@1.1.32:
    resolution: {integrity: sha512-W+UO0ihRmDHscmTfQAoPPaFLqLaloyBdAIr2iX70v3Vgo+7ZiKeyj7Aa4YDWStxQQmlzD5JP3NG/5TSWAK+1WQ==}
    cpu: [arm64, x64]
    os: [darwin, linux, win32]
    hasBin: true

  isomorphic.js@0.2.5:
    resolution: {integrity: sha512-PIeMbHqMt4DnUP3MA/Flc0HElYjMXArsw1qwJZcm9sqR8mq3l8NYizFMty0pWwE/tzIGH3EKK5+jes5mAr85yw==}

  kleur@4.1.5:
    resolution: {integrity: sha512-o+NO+8WrRiQEE4/7nwRJhN1HWpVmJm511pBHUxPLtp0BUISzlBplORYSmTclCnJvQq2tKu/sgl3xVpkc7ZWuQQ==}
    engines: {node: '>=6'}

  lib0@0.2.98:
    resolution: {integrity: sha512-XteTiNO0qEXqqweWx+b21p/fBnNHUA1NwAtJNJek1oPrewEZs2uiT4gWivHKr9GqCjDPAhchz0UQO8NwU3bBNA==}
    engines: {node: '>=16'}
    hasBin: true

  typescript@5.4.4:
    resolution: {integrity: sha512-dGE2Vv8cpVvw28v8HCPqyb08EzbBURxDpuhJvTrusShUfGnhHBafDsLdS1EhhxyL6BJQE+2cT3dDPAv+MQ6oLw==}
    engines: {node: '>=14.17'}
    hasBin: true

  uuid@10.0.0:
    resolution: {integrity: sha512-8XkAphELsDnEGrDxUOHB3RGvXz6TeuYSGEZBOjtTtPm2lwhGBjLgOzLHB63IUWfBpNucQjND6d3AOudO+H3RWQ==}
    hasBin: true

  ws@8.18.0:
    resolution: {integrity: sha512-8VbfWfHLbbwu3+N6OKsOMpBdT4kXPDDB9cJk2bJ6mh9ucxdlnNvH1e+roYkKmN9Nxw2yjz7VzeO9oOz2zJ04Pw==}
    engines: {node: '>=10.0.0'}
    peerDependencies:
      bufferutil: ^4.0.1
      utf-8-validate: '>=5.0.2'
    peerDependenciesMeta:
      bufferutil:
        optional: true
      utf-8-validate:
        optional: true

  y-protocols@1.0.6:
    resolution: {integrity: sha512-vHRF2L6iT3rwj1jub/K5tYcTT/mEYDUppgNPXwp8fmLpui9f7Yeq3OEtTLVF012j39QnV+KEQpNqoN7CWU7Y9Q==}
    engines: {node: '>=16.0.0', npm: '>=8.0.0'}
    peerDependencies:
      yjs: ^13.0.0

  yjs@13.6.20:
    resolution: {integrity: sha512-Z2YZI+SYqK7XdWlloI3lhMiKnCdFCVC4PchpdO+mCYwtiTwncjUbnRK9R1JmkNfdmHyDXuWN3ibJAt0wsqTbLQ==}
    engines: {node: '>=16.0.0', npm: '>=8.0.0'}

snapshots:

  '@hocuspocus/common@2.13.7':
    dependencies:
      lib0: 0.2.98

  '@hocuspocus/server@2.13.7(y-protocols@1.0.6(yjs@13.6.20))(yjs@13.6.20)':
    dependencies:
      '@hocuspocus/common': 2.13.7
      async-lock: 1.4.1
      kleur: 4.1.5
      lib0: 0.2.98
      uuid: 10.0.0
      ws: 8.18.0
      y-protocols: 1.0.6(yjs@13.6.20)
      yjs: 13.6.20
    transitivePeerDependencies:
      - bufferutil
      - utf-8-validate

  '@oven/bun-darwin-aarch64@1.1.32':
    optional: true

  '@oven/bun-darwin-x64-baseline@1.1.32':
    optional: true

  '@oven/bun-darwin-x64@1.1.32':
    optional: true

  '@oven/bun-linux-aarch64@1.1.32':
    optional: true

  '@oven/bun-linux-x64-baseline@1.1.32':
    optional: true

  '@oven/bun-linux-x64@1.1.32':
    optional: true

  '@oven/bun-windows-x64-baseline@1.1.32':
    optional: true

  '@oven/bun-windows-x64@1.1.32':
    optional: true

  async-lock@1.4.1: {}

  bun@1.1.32:
    optionalDependencies:
      '@oven/bun-darwin-aarch64': 1.1.32
      '@oven/bun-darwin-x64': 1.1.32
      '@oven/bun-darwin-x64-baseline': 1.1.32
      '@oven/bun-linux-aarch64': 1.1.32
      '@oven/bun-linux-x64': 1.1.32
      '@oven/bun-linux-x64-baseline': 1.1.32
      '@oven/bun-windows-x64': 1.1.32
      '@oven/bun-windows-x64-baseline': 1.1.32

  isomorphic.js@0.2.5: {}

  kleur@4.1.5: {}

  lib0@0.2.98:
    dependencies:
      isomorphic.js: 0.2.5

  typescript@5.4.4: {}

  uuid@10.0.0: {}

  ws@8.18.0: {}

  y-protocols@1.0.6(yjs@13.6.20):
    dependencies:
      lib0: 0.2.98
      yjs: 13.6.20

  yjs@13.6.20:
    dependencies:
      lib0: 0.2.98
